
Microsoft Visual Studio Solution File, Format Version 12.00
# Visual Studio Version 16
VisualStudioVersion = 16.0.30413.136
MinimumVisualStudioVersion = 10.0.40219.1
Project("{FAE04EC0-301F-11D3-BF4B-00C04F79EFBC}") = "Raktar", "Raktar\Raktar.csproj", "{7DA657F6-7873-4326-A636-38D1F9F49F17}"
EndProject
Global
	GlobalSection(SolutionConfigurationPlatforms) = preSolution
		Debug|Any CPU = Debug|Any CPU
		Release|Any CPU = Release|Any CPU
	EndGlobalSection
	GlobalSection(ProjectConfigurationPlatforms) = postSolution
		{7DA657F6-7873-4326-A636-38D1F9F49F17}.Debug|Any CPU.ActiveCfg = Debug|Any CPU
		{7DA657F6-7873-4326-A636-38D1F9F49F17}.Debug|Any CPU.Build.0 = Debug|Any CPU
		{7DA657F6-7873-4326-A636-38D1F9F49F17}.Release|Any CPU.ActiveCfg = Release|Any CPU
		{7DA657F6-7873-4326-A636-38D1F9F49F17}.Release|Any CPU.Build.0 = Release|Any CPU
	EndGlobalSection
	GlobalSection(SolutionProperties) = preSolution
		HideSolutionNode = FALSE
	EndGlobalSection
	GlobalSection(ExtensibilityGlobals) = postSolution
		SolutionGuid = {0E5951ED-C9E6-4643-9D30-EF42C6F34D61}
	EndGlobalSection
EndGlobal
